<?xml version="1.0" encoding="UTF-8" standalone="yes" ?>
<CodeBlocks_project_file>
	<FileVersion major="1" minor="6" />
	<Project>
		<Option title="jar-pluto" />
		<Option pch_mode="2" />
		<Option compiler="gcc" />
		<Build>
			<Target title="Win pluto Debug">
				<Option output="lib\jar_pluto_d" prefix_auto="1" extension_auto="1" />
				<Option object_output="obj\Debug\" />
				<Option type="3" />
				<Option compiler="gcc" />
				<Option createStaticLib="1" />
				<Compiler>
					<Add option="-pedantic" />
					<Add option="-Wall" />
					<Add option="-ansi" />
					<Add option="-g" />
					<Add option="-Dlua_assert=assert" />
					<Add option="-DPLUTO_DEBUG" />
					<Add option="-DPLUTO_BUILD_DLL" />
					<Add option="-DLUA_BUILD_AS_DLL" />
				</Compiler>
				<Linker>
					<Add library="jar_lua_d" />
				</Linker>
			</Target>
			<Target title="Win pluto Release">
				<Option output="lib\jar_pluto" prefix_auto="1" extension_auto="1" />
				<Option object_output="obj\Release\" />
				<Option type="3" />
				<Option compiler="gcc" />
				<Option createStaticLib="1" />
				<Compiler>
					<Add option="-O2" />
					<Add option="-pedantic" />
					<Add option="-Wall" />
					<Add option="-ansi" />
					<Add option="-DPLUTO_BUILD_DLL" />
					<Add option="-DLUA_BUILD_AS_DLL" />
				</Compiler>
				<Linker>
					<Add option="-s" />
					<Add library="jar_lua" />
				</Linker>
			</Target>
			<Target title="Linux pluto Debug">
				<Option output="lib\libjar_pluto_d" prefix_auto="1" extension_auto="1" />
				<Option object_output="obj\Debug\" />
				<Option type="3" />
				<Option compiler="gcc" />
				<Option createStaticLib="1" />
				<Compiler>
					<Add option="-pedantic" />
					<Add option="-Wall" />
					<Add option="-ansi" />
					<Add option="-g" />
					<Add option="-Dlua_assert=assert" />
					<Add option="-DPLUTO_DEBUG" />
					<Add option="-DPLUTO_BUILD_DLL" />
				</Compiler>
				<Linker>
					<Add library="jar_lua_d" />
				</Linker>
			</Target>
			<Target title="Linux pluto Release">
				<Option output="lib\libjar_pluto" prefix_auto="1" extension_auto="1" />
				<Option object_output="obj\Release\" />
				<Option type="3" />
				<Option compiler="gcc" />
				<Option createStaticLib="1" />
				<Compiler>
					<Add option="-O2" />
					<Add option="-pedantic" />
					<Add option="-Wall" />
					<Add option="-ansi" />
					<Add option="-DPLUTO_BUILD_DLL" />
				</Compiler>
				<Linker>
					<Add option="-s" />
					<Add library="jar_lua" />
				</Linker>
			</Target>
			<Target title="pptest Debug">
				<Option output="bin\pptest" prefix_auto="1" extension_auto="1" />
				<Option working_dir="bin" />
				<Option object_output="obj" />
				<Option type="1" />
				<Option compiler="gcc" />
				<Compiler>
					<Add option="-pedantic-errors" />
					<Add option="-Wall" />
					<Add option="-ansi" />
					<Add option="-g" />
				</Compiler>
				<Linker>
					<Add library="jar_lua_d" />
				</Linker>
			</Target>
			<Target title="puptest Debug">
				<Option output="bin\puptest" prefix_auto="1" extension_auto="1" />
				<Option working_dir="bin" />
				<Option object_output="obj" />
				<Option type="1" />
				<Option compiler="gcc" />
				<Compiler>
					<Add option="-pedantic" />
					<Add option="-Wall" />
					<Add option="-ansi" />
					<Add option="-g" />
				</Compiler>
				<Linker>
					<Add library="jar_lua_d" />
				</Linker>
			</Target>
		</Build>
		<Compiler>
			<Add option="-Wall" />
			<Add directory="..\lua-5.1.4-jar\include" />
		</Compiler>
		<Linker>
			<Add directory="..\lua-5.1.4-jar\lib" />
		</Linker>
		<Unit filename="lzio.c">
			<Option compilerVar="CC" />
			<Option target="Win pluto Debug" />
			<Option target="Win pluto Release" />
			<Option target="Linux pluto Debug" />
			<Option target="Linux pluto Release" />
		</Unit>
		<Unit filename="pdep.c">
			<Option compilerVar="CC" />
			<Option target="Win pluto Debug" />
			<Option target="Win pluto Release" />
			<Option target="Linux pluto Debug" />
			<Option target="Linux pluto Release" />
		</Unit>
		<Unit filename="pluto.c">
			<Option compilerVar="CC" />
			<Option target="Win pluto Debug" />
			<Option target="Win pluto Release" />
			<Option target="Linux pluto Debug" />
			<Option target="Linux pluto Release" />
		</Unit>
		<Unit filename="pluto.h">
			<Option target="Win pluto Debug" />
			<Option target="Win pluto Release" />
			<Option target="Linux pluto Debug" />
			<Option target="Linux pluto Release" />
		</Unit>
		<Unit filename="pptest.c">
			<Option compilerVar="CC" />
			<Option target="pptest Debug" />
		</Unit>
		<Unit filename="puptest.c">
			<Option compilerVar="CC" />
			<Option target="puptest Debug" />
		</Unit>
		<Extensions>
			<code_completion />
			<envvars />
			<debugger />
			<lib_finder disable_auto="1" />
		</Extensions>
	</Project>
</CodeBlocks_project_file>
