
Microsoft Visual Studio Solution File, Format Version 11.00
# Visual Studio 2010
Project("{8BC9CEB8-8B4A-11D0-8D11-00A0C91BC942}") = "luabind-mrw", "luabind-mrw.vcxproj", "{2A182626-7282-4234-9AFE-10AD04D11BE9}"
EndProject
Global
	GlobalSection(SolutionConfigurationPlatforms) = preSolution
		Debug DLL (jar)|Win32 = Debug DLL (jar)|Win32
		Debug|Win32 = Debug|Win32
		Release DLL (jar)|Win32 = Release DLL (jar)|Win32
		Release|Win32 = Release|Win32
	EndGlobalSection
	GlobalSection(ProjectConfigurationPlatforms) = postSolution
		{2A182626-7282-4234-9AFE-10AD04D11BE9}.Debug DLL (jar)|Win32.ActiveCfg = Debug DLL (jar)|Win32
		{2A182626-7282-4234-9AFE-10AD04D11BE9}.Debug DLL (jar)|Win32.Build.0 = Debug DLL (jar)|Win32
		{2A182626-7282-4234-9AFE-10AD04D11BE9}.Debug|Win32.ActiveCfg = Debug DLL|Win32
		{2A182626-7282-4234-9AFE-10AD04D11BE9}.Debug|Win32.Build.0 = Debug DLL|Win32
		{2A182626-7282-4234-9AFE-10AD04D11BE9}.Release DLL (jar)|Win32.ActiveCfg = Release DLL (jar)|Win32
		{2A182626-7282-4234-9AFE-10AD04D11BE9}.Release DLL (jar)|Win32.Build.0 = Release DLL (jar)|Win32
		{2A182626-7282-4234-9AFE-10AD04D11BE9}.Release|Win32.ActiveCfg = Release DLL|Win32
		{2A182626-7282-4234-9AFE-10AD04D11BE9}.Release|Win32.Build.0 = Release DLL|Win32
	EndGlobalSection
	GlobalSection(SolutionProperties) = preSolution
		HideSolutionNode = FALSE
	EndGlobalSection
EndGlobal
