<?xml version="1.0" encoding="UTF-8" standalone="yes" ?>
<CodeBlocks_project_file>
	<FileVersion major="1" minor="6" />
	<Project>
		<Option title="test_exceptions" />
		<Option pch_mode="2" />
		<Option compiler="gcc" />
		<Build>
			<Target title="Release">
				<Option output="..\bin\test_exceptions" prefix_auto="1" extension_auto="1" />
				<Option object_output="obj\" />
				<Option type="1" />
				<Option compiler="gcc" />
				<Compiler>
					<Add option="-O2" />
					<Add option="-DLUABIND_DYNAMIC_LINK" />
				</Compiler>
				<Linker>
					<Add option="-s" />
					<Add library="lua" />
					<Add library="luabind" />
					<Add directory="..\lib" />
				</Linker>
			</Target>
			<Target title="Release (jar)">
				<Option output="..\bin\jar_test_exceptions" prefix_auto="1" extension_auto="1" />
				<Option object_output="jar_obj\" />
				<Option type="1" />
				<Option compiler="gcc" />
				<Compiler>
					<Add option="-O2" />
					<Add option="-DLUABIND_DYNAMIC_LINK" />
					<Add option="-DLUA_BUILD_AS_DLL" />
					<Add directory="..\..\..\Games\jarenaissance\dependencies\lua-5.1.4-jar\include" />
				</Compiler>
				<Linker>
					<Add option="-s" />
					<Add library="jar_lua" />
					<Add library="jar_luabind" />
					<Add directory="..\lib" />
					<Add directory="..\..\..\Games\jarenaissance\dependencies\lua-5.1.4-jar\lib" />
				</Linker>
			</Target>
		</Build>
		<Compiler>
			<Add option="-Wall" />
			<Add directory=".." />
		</Compiler>
		<Linker>
			<Add directory="..\lib" />
		</Linker>
		<Unit filename="main.cpp" />
		<Unit filename="test.hpp" />
		<Unit filename="test_exceptions.cpp" />
		<Extensions>
			<code_completion />
			<envvars />
			<debugger />
			<lib_finder disable_auto="1" />
		</Extensions>
	</Project>
</CodeBlocks_project_file>
