<?xml version="1.0" encoding="utf-8"?>
<Project ToolsVersion="4.0" xmlns="http://schemas.microsoft.com/developer/msbuild/2003">
  <ItemGroup>
    <Filter Include="Source Files">
      <UniqueIdentifier>{6771cb7c-61d7-4890-809d-96fb3577600c}</UniqueIdentifier>
    </Filter>
    <Filter Include="Header Files">
      <UniqueIdentifier>{a339ed43-64c0-4719-b0da-ef000b977007}</UniqueIdentifier>
    </Filter>
    <Filter Include="Source Files\jar">
      <UniqueIdentifier>{5aae4c74-d5e6-43a3-b484-e7e58a737120}</UniqueIdentifier>
    </Filter>
    <Filter Include="Source Files\jar\luabind">
      <UniqueIdentifier>{d180f38c-3208-4922-97fb-7b86e586fe78}</UniqueIdentifier>
    </Filter>
    <Filter Include="Header Files\jar">
      <UniqueIdentifier>{20a72c59-177b-45d8-9162-3e1212d17db2}</UniqueIdentifier>
    </Filter>
    <Filter Include="Header Files\jar\luabind">
      <UniqueIdentifier>{1b4e33e5-8549-49b7-841e-96aa3c2f0dfc}</UniqueIdentifier>
    </Filter>
    <Filter Include="Header Files\jar\core">
      <UniqueIdentifier>{fea2e0bd-0bbc-41ac-a172-8999b9fe1345}</UniqueIdentifier>
    </Filter>
    <Filter Include="Source Files\jar\core">
      <UniqueIdentifier>{2ebffcd2-64b9-4709-a0ed-eed76de1d374}</UniqueIdentifier>
    </Filter>
  </ItemGroup>
  <ItemGroup>
    <ClInclude Include="include\jar\Core.hpp">
      <Filter>Header Files\jar</Filter>
    </ClInclude>
    <ClInclude Include="include\jar\OS.hpp">
      <Filter>Header Files\jar</Filter>
    </ClInclude>
    <ClInclude Include="include\jar\core\API.hpp">
      <Filter>Header Files\jar\core</Filter>
    </ClInclude>
    <ClInclude Include="include\jar\core\Updatable.hpp">
      <Filter>Header Files\jar\core</Filter>
    </ClInclude>
    <ClInclude Include="include\jar\core\CLArguments.hpp">
      <Filter>Header Files\jar\core</Filter>
    </ClInclude>
    <ClInclude Include="include\jar\core\Component.hpp">
      <Filter>Header Files\jar\core</Filter>
    </ClInclude>
    <ClInclude Include="include\jar\core\CoreImpl.hpp">
      <Filter>Header Files\jar\core</Filter>
    </ClInclude>
    <ClInclude Include="include\jar\core\CoutAndFileLogger.hpp">
      <Filter>Header Files\jar\core</Filter>
    </ClInclude>
    <ClInclude Include="include\jar\core\CoutLogger.hpp">
      <Filter>Header Files\jar\core</Filter>
    </ClInclude>
    <ClInclude Include="include\jar\core\FileLogger.hpp">
      <Filter>Header Files\jar\core</Filter>
    </ClInclude>
    <ClInclude Include="include\jar\core\FileSystem.hpp">
      <Filter>Header Files\jar\core</Filter>
    </ClInclude>
    <ClInclude Include="include\jar\core\GetLuabindInfo.hpp">
      <Filter>Header Files\jar\core</Filter>
    </ClInclude>
    <ClInclude Include="include\jar\core\Helpers.hpp">
      <Filter>Header Files\jar\core</Filter>
    </ClInclude>
    <ClInclude Include="include\jar\Jar.hpp">
      <Filter>Header Files\jar</Filter>
    </ClInclude>
    <ClInclude Include="include\jar\core\Logger.hpp">
      <Filter>Header Files\jar\core</Filter>
    </ClInclude>
    <ClInclude Include="include\jar\core\Lua.hpp">
      <Filter>Header Files\jar\core</Filter>
    </ClInclude>
    <ClInclude Include="include\jar\core\LuaLogger.hpp">
      <Filter>Header Files\jar\core</Filter>
    </ClInclude>
    <ClInclude Include="include\jar\core\Time.hpp">
      <Filter>Header Files\jar\core</Filter>
    </ClInclude>
    <ClInclude Include="include\jar\core\VoidLogger.hpp">
      <Filter>Header Files\jar\core</Filter>
    </ClInclude>
    <ClInclude Include="include\jar\luabind\Core.hpp">
      <Filter>Header Files\jar\luabind</Filter>
    </ClInclude>
  </ItemGroup>
  <ItemGroup>
    <ClCompile Include="src\jar\Core.cpp">
      <Filter>Source Files\jar</Filter>
    </ClCompile>
    <ClCompile Include="src\jar\core\Updatable.cpp">
      <Filter>Source Files\jar\core</Filter>
    </ClCompile>
    <ClCompile Include="src\jar\core\CLArguments.cpp">
      <Filter>Source Files\jar\core</Filter>
    </ClCompile>
    <ClCompile Include="src\jar\core\Component.cpp">
      <Filter>Source Files\jar\core</Filter>
    </ClCompile>
    <ClCompile Include="src\jar\core\CoreImpl.cpp">
      <Filter>Source Files\jar\core</Filter>
    </ClCompile>
    <ClCompile Include="src\jar\core\CoutAndFileLogger.cpp">
      <Filter>Source Files\jar\core</Filter>
    </ClCompile>
    <ClCompile Include="src\jar\core\CoutLogger.cpp">
      <Filter>Source Files\jar\core</Filter>
    </ClCompile>
    <ClCompile Include="src\jar\core\FileLogger.cpp">
      <Filter>Source Files\jar\core</Filter>
    </ClCompile>
    <ClCompile Include="src\jar\core\FileSystem.cpp">
      <Filter>Source Files\jar\core</Filter>
    </ClCompile>
    <ClCompile Include="src\jar\core\GetLuabindInfo.cpp">
      <Filter>Source Files\jar\core</Filter>
    </ClCompile>
    <ClCompile Include="src\jar\core\Helpers.cpp">
      <Filter>Source Files\jar\core</Filter>
    </ClCompile>
    <ClCompile Include="src\jar\core\Logger.cpp">
      <Filter>Source Files\jar\core</Filter>
    </ClCompile>
    <ClCompile Include="src\jar\core\Lua.cpp">
      <Filter>Source Files\jar\core</Filter>
    </ClCompile>
    <ClCompile Include="src\jar\core\LuaLogger.cpp">
      <Filter>Source Files\jar\core</Filter>
    </ClCompile>
    <ClCompile Include="src\jar\core\Time.cpp">
      <Filter>Source Files\jar\core</Filter>
    </ClCompile>
    <ClCompile Include="src\jar\luabind\LBCore.cpp">
      <Filter>Source Files\jar\luabind</Filter>
    </ClCompile>
  </ItemGroup>
</Project>