<?xml version="1.0" encoding="UTF-8" standalone="yes" ?>
<CodeBlocks_project_file>
	<FileVersion major="1" minor="6" />
	<Project>
		<Option title="jar-input" />
		<Option pch_mode="2" />
		<Option compiler="gcc" />
		<Build>
			<Target title="Debug Win32">
				<Option output="lib\libjar-input-d" prefix_auto="1" extension_auto="1" />
				<Option object_output="obj\Debug\" />
				<Option type="3" />
				<Option compiler="gcc" />
				<Option createStaticLib="1" />
				<Compiler>
					<Add option="-Wall" />
					<Add option="-g" />
					<Add option="-D_DEBUG" />
					<Add option="-DWINVER=0x0500" />
				</Compiler>
				<Linker>
					<Add option="-enable-auto-import" />
					<Add library="jar-core-d" />
					<Add library="jar_lua_d" />
					<Add library="jar_luabind_d" />
					<Add library="xinput" />
					<Add library="dinput8" />
					<Add library="dxguid" />
					<Add library="ole32" />
					<Add library="Oleaut32" />
				</Linker>
				<ExtraCommands>
					<Add after='cmd /c copy &quot;$(PROJECT_DIR)$(TARGET_OUTPUT_FILE)&quot; &quot;../../renaissance/bin&quot;' />
				</ExtraCommands>
			</Target>
			<Target title="Release Win32">
				<Option output="lib\libjar-input" prefix_auto="1" extension_auto="1" />
				<Option object_output="obj\Release\" />
				<Option type="3" />
				<Option compiler="gcc" />
				<Option createStaticLib="1" />
				<Compiler>
					<Add option="-O2" />
					<Add option="-Wall" />
					<Add option="-DWINVER=0x0500" />
				</Compiler>
				<Linker>
					<Add option="-s" />
					<Add option="-enable-auto-import" />
					<Add library="jar-core" />
					<Add library="jar_lua" />
					<Add library="jar_luabind" />
					<Add library="xinput" />
					<Add library="dinput8" />
					<Add library="dxguid" />
					<Add library="ole32" />
					<Add library="Oleaut32" />
				</Linker>
				<ExtraCommands>
					<Add after='cmd /c copy &quot;$(PROJECT_DIR)$(TARGET_OUTPUT_FILE)&quot; &quot;../../renaissance/bin&quot;' />
				</ExtraCommands>
			</Target>
			<Target title="Debug Linux">
				<Option output="lib\libjar-input-d" prefix_auto="1" extension_auto="1" />
				<Option object_output="obj\Debug\" />
				<Option type="3" />
				<Option compiler="gcc" />
				<Option createStaticLib="1" />
				<Compiler>
					<Add option="-Wall" />
					<Add option="-g" />
					<Add option="-fvisibility=hidden" />
					<Add option="-D_DEBUG" />
					<Add option="-DWINVER=0x0500" />
				</Compiler>
				<Linker>
					<Add library="jar-core-d" />
					<Add library="jar_lua_d" />
					<Add library="jar_luabind_d" />
				</Linker>
				<ExtraCommands>
					<Add after='cp &quot;$(PROJECT_DIR)$(TARGET_OUTPUT_FILE)&quot; &quot;../../renaissance/bin/&quot;' />
				</ExtraCommands>
			</Target>
			<Target title="Release Linux">
				<Option output="lib\libjar-input" prefix_auto="1" extension_auto="1" />
				<Option object_output="obj\Release\" />
				<Option type="3" />
				<Option compiler="gcc" />
				<Option createStaticLib="1" />
				<Compiler>
					<Add option="-O2" />
					<Add option="-Wall" />
					<Add option="-fvisibility=hidden" />
					<Add option="-DWINVER=0x0500" />
				</Compiler>
				<Linker>
					<Add option="-s" />
					<Add library="jar-core" />
					<Add library="jar_lua" />
					<Add library="jar_luabind" />
					<Add library="dinput8" />
				</Linker>
				<ExtraCommands>
					<Add after='cp &quot;$(PROJECT_DIR)$(TARGET_OUTPUT_FILE)&quot; &quot;../../renaissance/bin/&quot;' />
				</ExtraCommands>
			</Target>
		</Build>
		<Compiler>
			<Add option="-DJAR_INPUT_LIBRARY_BUILD" />
			<Add option="-DLUABIND_DYNAMIC_LINK" />
			<Add option="-DSFML_DYNAMIC" />
			<Add option="-DLUA_BUILD_AS_DLL" />
			<Add directory="include" />
			<Add directory="..\..\dependencies\lua-5.1.4-jar\include" />
		</Compiler>
		<Linker>
			<Add library="sfml-window" />
			<Add library="sfml-system" />
			<Add directory="lib" />
			<Add directory="..\..\dependencies\lua-5.1.4-jar\lib" />
		</Linker>
		<Unit filename="include\jar\Input.hpp" />
		<Unit filename="include\jar\OS.hpp" />
		<Unit filename="include\jar\input\API.hpp" />
		<Unit filename="include\jar\input\Event.hpp" />
		<Unit filename="include\jar\input\EventListener.hpp" />
		<Unit filename="include\jar\input\EventManager.hpp" />
		<Unit filename="include\jar\input\EventQueue.hpp" />
		<Unit filename="include\jar\input\EventRelay.hpp" />
		<Unit filename="include\jar\input\EventSender.hpp" />
		<Unit filename="include\jar\input\InputDevice.hpp" />
		<Unit filename="include\jar\input\InputDeviceController.hpp" />
		<Unit filename="include\jar\input\InputDeviceManager.hpp" />
		<Unit filename="include\jar\input\InputImpl.hpp" />
		<Unit filename="include\jar\input\KeyCodes.hpp" />
		<Unit filename="include\jar\input\Windows\WinControllerDirectInput.hpp">
			<Option target="Debug Win32" />
			<Option target="Release Win32" />
		</Unit>
		<Unit filename="include\jar\input\Windows\WinControllerXInput.hpp">
			<Option target="Debug Win32" />
			<Option target="Release Win32" />
		</Unit>
		<Unit filename="src\jar\Input.cpp" />
		<Unit filename="src\jar\input\Event.cpp" />
		<Unit filename="src\jar\input\EventManager.cpp" />
		<Unit filename="src\jar\input\EventQueue.cpp" />
		<Unit filename="src\jar\input\EventRelay.cpp" />
		<Unit filename="src\jar\input\EventSender.cpp" />
		<Unit filename="src\jar\input\InputDevice.cpp" />
		<Unit filename="src\jar\input\InputDeviceController.cpp" />
		<Unit filename="src\jar\input\InputDeviceManager.cpp" />
		<Unit filename="src\jar\input\InputImpl.cpp">
			<Option weight="49" />
		</Unit>
		<Unit filename="src\jar\input\Windows\WinControllerDirectInput.cpp">
			<Option target="Debug Win32" />
			<Option target="Release Win32" />
		</Unit>
		<Unit filename="src\jar\input\Windows\WinControllerXInput.cpp">
			<Option target="Debug Win32" />
			<Option target="Release Win32" />
		</Unit>
		<Unit filename="src\jar\input\luabind\Event.cpp" />
		<Unit filename="src\jar\input\luabind\InputDeviceController.cpp" />
		<Unit filename="src\jar\input\luabind\InputDeviceManager.cpp" />
		<Unit filename="src\jar\input\luabind\InputImpl.cpp" />
		<Extensions>
			<code_completion />
			<envvars />
			<debugger />
			<lib_finder disable_auto="1" />
		</Extensions>
	</Project>
</CodeBlocks_project_file>
