<?xml version="1.0" encoding="UTF-8" standalone="yes" ?>
<CodeBlocks_project_file>
	<FileVersion major="1" minor="6" />
	<Project>
		<Option title="01-inputsystem" />
		<Option pch_mode="2" />
		<Option compiler="gcc" />
		<Build>
			<Target title="Debug">
				<Option output="..\..\renaissance\bin\01-inputsystem" prefix_auto="1" extension_auto="1" />
				<Option working_dir="..\..\renaissance\bin" />
				<Option object_output="obj\Debug\" />
				<Option type="1" />
				<Option compiler="gcc" />
				<Compiler>
					<Add option="-g" />
				</Compiler>
				<Linker>
					<Add library="sfml-graphics-d" />
					<Add library="sfml-window-d" />
					<Add library="sfml-system-d" />
				</Linker>
			</Target>
			<Target title="Release">
				<Option output="..\..\renaissance\bin\01-inputsystem" prefix_auto="1" extension_auto="1" />
				<Option working_dir="..\..\renaissance\bin" />
				<Option object_output="obj\Release\" />
				<Option type="1" />
				<Option compiler="gcc" />
				<Compiler>
					<Add option="-O2" />
				</Compiler>
				<Linker>
					<Add option="-s" />
					<Add library="sfml-graphics" />
					<Add library="sfml-window" />
					<Add library="sfml-system" />
				</Linker>
			</Target>
		</Build>
		<Compiler>
			<Add option="-Wall" />
			<Add option="-fexceptions" />
			<Add directory="include" />
		</Compiler>
		<Linker>
			<Add library="lua" />
			<Add library="luabind-s" />
		</Linker>
		<Unit filename="include\jar\Event.hpp" />
		<Unit filename="include\jar\EventQueue.hpp" />
		<Unit filename="include\jar\EventSender.hpp" />
		<Unit filename="include\jar\InputDevice.hpp" />
		<Unit filename="include\jar\InputDeviceJoystick.hpp" />
		<Unit filename="include\jar\InputDeviceKeyboard.hpp" />
		<Unit filename="include\jar\InputDeviceManager.hpp" />
		<Unit filename="include\jar\InputDeviceMouse.hpp" />
		<Unit filename="include\jar\KeyCodes.hpp" />
		<Unit filename="include\jar\Time.hpp" />
		<Unit filename="include\jar\Windows\WinKeyboard.hpp" />
		<Unit filename="src\main.cpp" />
		<Unit filename="src\jar\EventQueue.cpp" />
		<Unit filename="src\jar\EventSender.cpp" />
		<Unit filename="src\jar\InputDevice.cpp" />
		<Unit filename="src\jar\InputDeviceJoystick.cpp" />
		<Unit filename="src\jar\InputDeviceKeyboard.cpp" />
		<Unit filename="src\jar\InputDeviceManager.cpp" />
		<Unit filename="src\jar\InputDeviceMouse.cpp" />
		<Unit filename="src\jar\Time.cpp" />
		<Unit filename="src\jar\Windows\WinKeyboard.cpp" />
		<Unit filename="src\jar\luabind\Event.cpp" />
		<Extensions>
			<code_completion />
			<envvars />
			<debugger />
			<lib_finder disable_auto="1" />
		</Extensions>
	</Project>
</CodeBlocks_project_file>
