<?xml version="1.0" encoding="UTF-8" standalone="yes" ?>
<CodeBlocks_project_file>
	<FileVersion major="1" minor="6" />
	<Project>
		<Option title="05-luabind-tests" />
		<Option pch_mode="2" />
		<Option compiler="gcc" />
		<Build>
			<Target title="Debug Win32">
				<Option output="..\..\renaissance\bin\05-luabind-tests" prefix_auto="1" extension_auto="1" />
				<Option working_dir="..\..\renaissance\bin" />
				<Option object_output="obj\Debug\" />
				<Option type="1" />
				<Option compiler="gcc" />
				<Compiler>
					<Add option="-g" />
				</Compiler>
				<Linker>
					<Add library="jar-core-d" />
					<Add library="luabindd" />
				</Linker>
			</Target>
			<Target title="Release Win32">
				<Option output="..\..\renaissance\bin\05-luabind-tests" prefix_auto="1" extension_auto="1" />
				<Option working_dir="..\..\renaissance\bin" />
				<Option object_output="obj\Release\" />
				<Option type="1" />
				<Option compiler="gcc" />
				<Compiler>
					<Add option="-O2" />
				</Compiler>
				<Linker>
					<Add option="-s" />
					<Add library="jar-core" />
					<Add library="luabind" />
				</Linker>
			</Target>
		</Build>
		<Compiler>
			<Add option="-Wall" />
			<Add option="-fexceptions" />
			<Add option="-DLUABIND_DYNAMIC_LINK" />
			<Add directory="include" />
			<Add directory="..\jarlib\include" />
		</Compiler>
		<Linker>
			<Add library="lua" />
			<Add directory="..\jarlib\lib" />
		</Linker>
		<Unit filename="main.cpp" />
		<Extensions>
			<code_completion />
			<envvars />
			<debugger />
			<lib_finder disable_auto="1" />
		</Extensions>
	</Project>
</CodeBlocks_project_file>
